Microsoft Visual Studio Solution File, Format Version 12.00
# Visual Studio Version 17
VisualStudioVersion = 17.13.35723.152
MinimumVisualStudioVersion = 10.0.40219.1
Project("{FAE04EC0-301F-11D3-BF4B-00C04F79EFBC}") = "DotNetStarterProjectTemplate.AppHost", "src\DotNetStarterProjectTemplate.AppHost\DotNetStarterProjectTemplate.AppHost.csproj", "{BBD6EE8A-BCBA-4354-9525-1C28767B0444}"
EndProject
Project("{FAE04EC0-301F-11D3-BF4B-00C04F79EFBC}") = "DotNetStarterProjectTemplate.ServiceDefaults", "src\DotNetStarterProjectTemplate.ServiceDefaults\DotNetStarterProjectTemplate.ServiceDefaults.csproj", "{BD7234D9-4BA3-7B9A-055B-E0D6F10019A1}"
EndProject
Project("{FAE04EC0-301F-11D3-BF4B-00C04F79EFBC}") = "DotNetStarterProjectTemplate.Api", "src\DotNetStarterProjectTemplate.Api\DotNetStarterProjectTemplate.Api.csproj", "{38E6B9AC-16C6-9863-B86B-C058A32F519F}"
EndProject
Project("{FAE04EC0-301F-11D3-BF4B-00C04F79EFBC}") = "DotNetStarterProjectTemplate.AppHost.Tests", "src\DotNetStarterProjectTemplate.AppHost.Tests\DotNetStarterProjectTemplate.AppHost.Tests.csproj", "{0CD7A5B3-0DEA-4A36-B17E-C5502CCCE1BF}"
EndProject
Project("{FAE04EC0-301F-11D3-BF4B-00C04F79EFBC}") = "DotNetStarterProjectTemplate.Worker", "src\DotNetStarterProjectTemplate.Worker\DotNetStarterProjectTemplate.Worker.csproj", "{E4C31D52-4390-690D-098D-4B087B3A8E8B}"
EndProject
Project("{2150E333-8FDC-42A3-9474-1A3956D46DE8}") = "Solution Items", "Solution Items", "{8EC462FD-D22E-90A8-E5CE-7E832BA40C5D}"
	ProjectSection(SolutionItems) = preProject
		.dockerignore = .dockerignore
		.gitignore = .gitignore
		.github\dependabot.yml = .github\dependabot.yml
		src\Directory.Build.props = src\Directory.Build.props
		src\Directory.Packages.props = src\Directory.Packages.props
		global.json = global.json
		README.md = README.md
	EndProjectSection
EndProject
Project("{FAE04EC0-301F-11D3-BF4B-00C04F79EFBC}") = "DotNetStarterProjectTemplate.Application", "src\DotNetStarterProjectTemplate.Application\DotNetStarterProjectTemplate.Application.csproj", "{C13E6802-7595-4E10-9E6B-598CF62810EA}"
EndProject
Global
	GlobalSection(SolutionConfigurationPlatforms) = preSolution
		Debug|Any CPU = Debug|Any CPU
		Release|Any CPU = Release|Any CPU
	EndGlobalSection
	GlobalSection(ProjectConfigurationPlatforms) = postSolution
		{BBD6EE8A-BCBA-4354-9525-1C28767B0444}.Debug|Any CPU.ActiveCfg = Debug|Any CPU
		{BBD6EE8A-BCBA-4354-9525-1C28767B0444}.Debug|Any CPU.Build.0 = Debug|Any CPU
		{BBD6EE8A-BCBA-4354-9525-1C28767B0444}.Release|Any CPU.ActiveCfg = Release|Any CPU
		{BBD6EE8A-BCBA-4354-9525-1C28767B0444}.Release|Any CPU.Build.0 = Release|Any CPU
		{BD7234D9-4BA3-7B9A-055B-E0D6F10019A1}.Debug|Any CPU.ActiveCfg = Debug|Any CPU
		{BD7234D9-4BA3-7B9A-055B-E0D6F10019A1}.Debug|Any CPU.Build.0 = Debug|Any CPU
		{BD7234D9-4BA3-7B9A-055B-E0D6F10019A1}.Release|Any CPU.ActiveCfg = Release|Any CPU
		{BD7234D9-4BA3-7B9A-055B-E0D6F10019A1}.Release|Any CPU.Build.0 = Release|Any CPU
		{38E6B9AC-16C6-9863-B86B-C058A32F519F}.Debug|Any CPU.ActiveCfg = Debug|Any CPU
		{38E6B9AC-16C6-9863-B86B-C058A32F519F}.Debug|Any CPU.Build.0 = Debug|Any CPU
		{38E6B9AC-16C6-9863-B86B-C058A32F519F}.Release|Any CPU.ActiveCfg = Release|Any CPU
		{38E6B9AC-16C6-9863-B86B-C058A32F519F}.Release|Any CPU.Build.0 = Release|Any CPU
		{0CD7A5B3-0DEA-4A36-B17E-C5502CCCE1BF}.Debug|Any CPU.ActiveCfg = Debug|Any CPU
		{0CD7A5B3-0DEA-4A36-B17E-C5502CCCE1BF}.Debug|Any CPU.Build.0 = Debug|Any CPU
		{0CD7A5B3-0DEA-4A36-B17E-C5502CCCE1BF}.Release|Any CPU.ActiveCfg = Release|Any CPU
		{0CD7A5B3-0DEA-4A36-B17E-C5502CCCE1BF}.Release|Any CPU.Build.0 = Release|Any CPU
		{E4C31D52-4390-690D-098D-4B087B3A8E8B}.Debug|Any CPU.ActiveCfg = Debug|Any CPU
		{E4C31D52-4390-690D-098D-4B087B3A8E8B}.Debug|Any CPU.Build.0 = Debug|Any CPU
		{E4C31D52-4390-690D-098D-4B087B3A8E8B}.Release|Any CPU.ActiveCfg = Release|Any CPU
		{E4C31D52-4390-690D-098D-4B087B3A8E8B}.Release|Any CPU.Build.0 = Release|Any CPU
		{C13E6802-7595-4E10-9E6B-598CF62810EA}.Debug|Any CPU.ActiveCfg = Debug|Any CPU
		{C13E6802-7595-4E10-9E6B-598CF62810EA}.Debug|Any CPU.Build.0 = Debug|Any CPU
		{C13E6802-7595-4E10-9E6B-598CF62810EA}.Release|Any CPU.ActiveCfg = Release|Any CPU
		{C13E6802-7595-4E10-9E6B-598CF62810EA}.Release|Any CPU.Build.0 = Release|Any CPU
	EndGlobalSection
	GlobalSection(SolutionProperties) = preSolution
		HideSolutionNode = FALSE
	EndGlobalSection
	GlobalSection(ExtensibilityGlobals) = postSolution
		SolutionGuid = {1887BA44-B8DC-4A2D-8FFC-611FE436076F}
	EndGlobalSection
EndGlobal
